
Microsoft Visual Studio Solution File, Format Version 12.00
# Visual Studio 2013
VisualStudioVersion = 12.0.40302.0
MinimumVisualStudioVersion = 10.0.40219.1
Project("{8BC9CEB8-8B4A-11D0-8D11-00A0C91BC942}") = "MageHook", "MageHook\MageHook.vcxproj", "{4867D185-F170-4B36-8D17-C6FEC4C8A256}"
EndProject
Project("{FAE04EC0-301F-11D3-BF4B-00C04F79EFBC}") = "MageLauncher", "MageLauncher\MageLauncher.csproj", "{50406A7C-311B-40CD-B779-3E9CDCEF2313}"
EndProject
Project("{FAE04EC0-301F-11D3-BF4B-00C04F79EFBC}") = "MageServer", "MageServer\MageServer.csproj", "{D36802FD-9C66-4996-B1E9-22F0329B191F}"
EndProject
Project("{FAE04EC0-301F-11D3-BF4B-00C04F79EFBC}") = "Content", "Content\Content.csproj", "{3A45C89B-3DF0-47E3-918B-76AE2104BED7}"
EndProject
Project("{FAE04EC0-301F-11D3-BF4B-00C04F79EFBC}") = "MageMap", "MageMap\MageMap.csproj", "{D1F3AB75-EBD7-477C-92E8-3EC037647EC4}"
EndProject
Project("{FAE04EC0-301F-11D3-BF4B-00C04F79EFBC}") = "MageReboot", "MageReboot\MageReboot.csproj", "{7502FF80-8F47-4B5C-BF9F-A18099EA08A2}"
EndProject
Project("{FAE04EC0-301F-11D3-BF4B-00C04F79EFBC}") = "Helper", "Helper\Helper.csproj", "{4071D462-6324-42D7-9974-16C2A8E89B11}"
EndProject
Global
	GlobalSection(SolutionConfigurationPlatforms) = preSolution
		Debug|Any CPU = Debug|Any CPU
		Debug|Mixed Platforms = Debug|Mixed Platforms
		Debug|x86 = Debug|x86
		Release|Any CPU = Release|Any CPU
		Release|Mixed Platforms = Release|Mixed Platforms
		Release|x86 = Release|x86
	EndGlobalSection
	GlobalSection(ProjectConfigurationPlatforms) = postSolution
		{4867D185-F170-4B36-8D17-C6FEC4C8A256}.Debug|Any CPU.ActiveCfg = Debug|Win32
		{4867D185-F170-4B36-8D17-C6FEC4C8A256}.Debug|Mixed Platforms.ActiveCfg = Debug|Win32
		{4867D185-F170-4B36-8D17-C6FEC4C8A256}.Debug|Mixed Platforms.Build.0 = Debug|Win32
		{4867D185-F170-4B36-8D17-C6FEC4C8A256}.Debug|x86.ActiveCfg = Debug|Win32
		{4867D185-F170-4B36-8D17-C6FEC4C8A256}.Debug|x86.Build.0 = Debug|Win32
		{4867D185-F170-4B36-8D17-C6FEC4C8A256}.Release|Any CPU.ActiveCfg = Release|Win32
		{4867D185-F170-4B36-8D17-C6FEC4C8A256}.Release|Mixed Platforms.ActiveCfg = Release|Win32
		{4867D185-F170-4B36-8D17-C6FEC4C8A256}.Release|Mixed Platforms.Build.0 = Release|Win32
		{4867D185-F170-4B36-8D17-C6FEC4C8A256}.Release|x86.ActiveCfg = Release|Win32
		{4867D185-F170-4B36-8D17-C6FEC4C8A256}.Release|x86.Build.0 = Release|Win32
		{50406A7C-311B-40CD-B779-3E9CDCEF2313}.Debug|Any CPU.ActiveCfg = Debug|Any CPU
		{50406A7C-311B-40CD-B779-3E9CDCEF2313}.Debug|Any CPU.Build.0 = Debug|Any CPU
		{50406A7C-311B-40CD-B779-3E9CDCEF2313}.Debug|Mixed Platforms.ActiveCfg = Debug|x86
		{50406A7C-311B-40CD-B779-3E9CDCEF2313}.Debug|Mixed Platforms.Build.0 = Debug|x86
		{50406A7C-311B-40CD-B779-3E9CDCEF2313}.Debug|x86.ActiveCfg = Debug|x86
		{50406A7C-311B-40CD-B779-3E9CDCEF2313}.Debug|x86.Build.0 = Debug|x86
		{50406A7C-311B-40CD-B779-3E9CDCEF2313}.Release|Any CPU.ActiveCfg = Release|Any CPU
		{50406A7C-311B-40CD-B779-3E9CDCEF2313}.Release|Any CPU.Build.0 = Release|Any CPU
		{50406A7C-311B-40CD-B779-3E9CDCEF2313}.Release|Mixed Platforms.ActiveCfg = Release|x86
		{50406A7C-311B-40CD-B779-3E9CDCEF2313}.Release|Mixed Platforms.Build.0 = Release|x86
		{50406A7C-311B-40CD-B779-3E9CDCEF2313}.Release|x86.ActiveCfg = Release|x86
		{50406A7C-311B-40CD-B779-3E9CDCEF2313}.Release|x86.Build.0 = Release|x86
		{D36802FD-9C66-4996-B1E9-22F0329B191F}.Debug|Any CPU.ActiveCfg = Debug|Any CPU
		{D36802FD-9C66-4996-B1E9-22F0329B191F}.Debug|Any CPU.Build.0 = Debug|Any CPU
		{D36802FD-9C66-4996-B1E9-22F0329B191F}.Debug|Mixed Platforms.ActiveCfg = Debug|x86
		{D36802FD-9C66-4996-B1E9-22F0329B191F}.Debug|Mixed Platforms.Build.0 = Debug|x86
		{D36802FD-9C66-4996-B1E9-22F0329B191F}.Debug|x86.ActiveCfg = Debug|x86
		{D36802FD-9C66-4996-B1E9-22F0329B191F}.Debug|x86.Build.0 = Debug|x86
		{D36802FD-9C66-4996-B1E9-22F0329B191F}.Release|Any CPU.ActiveCfg = Release|Any CPU
		{D36802FD-9C66-4996-B1E9-22F0329B191F}.Release|Any CPU.Build.0 = Release|Any CPU
		{D36802FD-9C66-4996-B1E9-22F0329B191F}.Release|Mixed Platforms.ActiveCfg = Release|x86
		{D36802FD-9C66-4996-B1E9-22F0329B191F}.Release|Mixed Platforms.Build.0 = Release|x86
		{D36802FD-9C66-4996-B1E9-22F0329B191F}.Release|x86.ActiveCfg = Release|x86
		{D36802FD-9C66-4996-B1E9-22F0329B191F}.Release|x86.Build.0 = Release|x86
		{3A45C89B-3DF0-47E3-918B-76AE2104BED7}.Debug|Any CPU.ActiveCfg = Debug|Any CPU
		{3A45C89B-3DF0-47E3-918B-76AE2104BED7}.Debug|Any CPU.Build.0 = Debug|Any CPU
		{3A45C89B-3DF0-47E3-918B-76AE2104BED7}.Debug|Mixed Platforms.ActiveCfg = Debug|Any CPU
		{3A45C89B-3DF0-47E3-918B-76AE2104BED7}.Debug|Mixed Platforms.Build.0 = Debug|Any CPU
		{3A45C89B-3DF0-47E3-918B-76AE2104BED7}.Debug|x86.ActiveCfg = Debug|Any CPU
		{3A45C89B-3DF0-47E3-918B-76AE2104BED7}.Release|Any CPU.ActiveCfg = Release|Any CPU
		{3A45C89B-3DF0-47E3-918B-76AE2104BED7}.Release|Any CPU.Build.0 = Release|Any CPU
		{3A45C89B-3DF0-47E3-918B-76AE2104BED7}.Release|Mixed Platforms.ActiveCfg = Release|Any CPU
		{3A45C89B-3DF0-47E3-918B-76AE2104BED7}.Release|Mixed Platforms.Build.0 = Release|Any CPU
		{3A45C89B-3DF0-47E3-918B-76AE2104BED7}.Release|x86.ActiveCfg = Release|Any CPU
		{D1F3AB75-EBD7-477C-92E8-3EC037647EC4}.Debug|Any CPU.ActiveCfg = Debug|Any CPU
		{D1F3AB75-EBD7-477C-92E8-3EC037647EC4}.Debug|Any CPU.Build.0 = Debug|Any CPU
		{D1F3AB75-EBD7-477C-92E8-3EC037647EC4}.Debug|Mixed Platforms.ActiveCfg = Debug|Any CPU
		{D1F3AB75-EBD7-477C-92E8-3EC037647EC4}.Debug|Mixed Platforms.Build.0 = Debug|Any CPU
		{D1F3AB75-EBD7-477C-92E8-3EC037647EC4}.Debug|x86.ActiveCfg = Debug|Any CPU
		{D1F3AB75-EBD7-477C-92E8-3EC037647EC4}.Release|Any CPU.ActiveCfg = Release|Any CPU
		{D1F3AB75-EBD7-477C-92E8-3EC037647EC4}.Release|Any CPU.Build.0 = Release|Any CPU
		{D1F3AB75-EBD7-477C-92E8-3EC037647EC4}.Release|Mixed Platforms.ActiveCfg = Release|Any CPU
		{D1F3AB75-EBD7-477C-92E8-3EC037647EC4}.Release|Mixed Platforms.Build.0 = Release|Any CPU
		{D1F3AB75-EBD7-477C-92E8-3EC037647EC4}.Release|x86.ActiveCfg = Release|Any CPU
		{7502FF80-8F47-4B5C-BF9F-A18099EA08A2}.Debug|Any CPU.ActiveCfg = Debug|Any CPU
		{7502FF80-8F47-4B5C-BF9F-A18099EA08A2}.Debug|Any CPU.Build.0 = Debug|Any CPU
		{7502FF80-8F47-4B5C-BF9F-A18099EA08A2}.Debug|Mixed Platforms.ActiveCfg = Debug|Any CPU
		{7502FF80-8F47-4B5C-BF9F-A18099EA08A2}.Debug|Mixed Platforms.Build.0 = Debug|Any CPU
		{7502FF80-8F47-4B5C-BF9F-A18099EA08A2}.Debug|x86.ActiveCfg = Debug|Any CPU
		{7502FF80-8F47-4B5C-BF9F-A18099EA08A2}.Release|Any CPU.ActiveCfg = Release|Any CPU
		{7502FF80-8F47-4B5C-BF9F-A18099EA08A2}.Release|Any CPU.Build.0 = Release|Any CPU
		{7502FF80-8F47-4B5C-BF9F-A18099EA08A2}.Release|Mixed Platforms.ActiveCfg = Release|Any CPU
		{7502FF80-8F47-4B5C-BF9F-A18099EA08A2}.Release|Mixed Platforms.Build.0 = Release|Any CPU
		{7502FF80-8F47-4B5C-BF9F-A18099EA08A2}.Release|x86.ActiveCfg = Release|Any CPU
		{4071D462-6324-42D7-9974-16C2A8E89B11}.Debug|Any CPU.ActiveCfg = Debug|Any CPU
		{4071D462-6324-42D7-9974-16C2A8E89B11}.Debug|Any CPU.Build.0 = Debug|Any CPU
		{4071D462-6324-42D7-9974-16C2A8E89B11}.Debug|Mixed Platforms.ActiveCfg = Debug|x86
		{4071D462-6324-42D7-9974-16C2A8E89B11}.Debug|Mixed Platforms.Build.0 = Debug|x86
		{4071D462-6324-42D7-9974-16C2A8E89B11}.Debug|x86.ActiveCfg = Debug|x86
		{4071D462-6324-42D7-9974-16C2A8E89B11}.Debug|x86.Build.0 = Debug|x86
		{4071D462-6324-42D7-9974-16C2A8E89B11}.Release|Any CPU.ActiveCfg = Release|Any CPU
		{4071D462-6324-42D7-9974-16C2A8E89B11}.Release|Any CPU.Build.0 = Release|Any CPU
		{4071D462-6324-42D7-9974-16C2A8E89B11}.Release|Mixed Platforms.ActiveCfg = Release|x86
		{4071D462-6324-42D7-9974-16C2A8E89B11}.Release|Mixed Platforms.Build.0 = Release|x86
		{4071D462-6324-42D7-9974-16C2A8E89B11}.Release|x86.ActiveCfg = Release|x86
		{4071D462-6324-42D7-9974-16C2A8E89B11}.Release|x86.Build.0 = Release|x86
	EndGlobalSection
	GlobalSection(SolutionProperties) = preSolution
		HideSolutionNode = FALSE
	EndGlobalSection
EndGlobal
